
Microsoft Visual Studio Solution File, Format Version 12.00
# Visual Studio Version 16
VisualStudioVersion = 16.0.30523.141
MinimumVisualStudioVersion = 10.0.40219.1
Project("{FAE04EC0-301F-11D3-BF4B-00C04F79EFBC}") = "Ejerciciobasico1", "Ejerciciobasico1.csproj", "{F95A5F2F-25F2-4D1E-BF72-7B64182F4D3B}"
EndProject
Global
	GlobalSection(SolutionConfigurationPlatforms) = preSolution
		Debug|Any CPU = Debug|Any CPU
		Release|Any CPU = Release|Any CPU
	EndGlobalSection
	GlobalSection(ProjectConfigurationPlatforms) = postSolution
		{F95A5F2F-25F2-4D1E-BF72-7B64182F4D3B}.Debug|Any CPU.ActiveCfg = Debug|Any CPU
		{F95A5F2F-25F2-4D1E-BF72-7B64182F4D3B}.Debug|Any CPU.Build.0 = Debug|Any CPU
		{F95A5F2F-25F2-4D1E-BF72-7B64182F4D3B}.Release|Any CPU.ActiveCfg = Release|Any CPU
		{F95A5F2F-25F2-4D1E-BF72-7B64182F4D3B}.Release|Any CPU.Build.0 = Release|Any CPU
	EndGlobalSection
	GlobalSection(SolutionProperties) = preSolution
		HideSolutionNode = FALSE
	EndGlobalSection
	GlobalSection(ExtensibilityGlobals) = postSolution
		SolutionGuid = {B264C894-903C-4918-A5D5-85654138610F}
	EndGlobalSection
EndGlobal
